
Microsoft Visual Studio Solution File, Format Version 12.00
# Visual Studio Version 17
VisualStudioVersion = 17.4.33122.133
MinimumVisualStudioVersion = 10.0.40219.1
Project("{FAE04EC0-301F-11D3-BF4B-00C04F79EFBC}") = "IdentityServer4Integration", "IdentityServer4Integration\IdentityServer4Integration.csproj", "{CEBF2401-E4C0-4E34-8D4F-0DECB846B5FB}"
EndProject
Global
	GlobalSection(SolutionConfigurationPlatforms) = preSolution
		Debug|Any CPU = Debug|Any CPU
		Release|Any CPU = Release|Any CPU
	EndGlobalSection
	GlobalSection(ProjectConfigurationPlatforms) = postSolution
		{CEBF2401-E4C0-4E34-8D4F-0DECB846B5FB}.Debug|Any CPU.ActiveCfg = Debug|Any CPU
		{CEBF2401-E4C0-4E34-8D4F-0DECB846B5FB}.Debug|Any CPU.Build.0 = Debug|Any CPU
		{CEBF2401-E4C0-4E34-8D4F-0DECB846B5FB}.Release|Any CPU.ActiveCfg = Release|Any CPU
		{CEBF2401-E4C0-4E34-8D4F-0DECB846B5FB}.Release|Any CPU.Build.0 = Release|Any CPU
	EndGlobalSection
	GlobalSection(SolutionProperties) = preSolution
		HideSolutionNode = FALSE
	EndGlobalSection
	GlobalSection(ExtensibilityGlobals) = postSolution
		SolutionGuid = {7533C539-0DF0-4BA2-A5DE-966E9F611AD6}
	EndGlobalSection
EndGlobal
